lockfileVersion: '9.0'

settings:
  autoInstallPeers: true
  excludeLinksFromLockfile: false

importers:

  .:
    dependencies:
      worker-timers:
        specifier: ^8.0.8
        version: 8.0.23
    devDependencies:
      '@rollup/plugin-commonjs':
        specifier: ^28.0.6
        version: 28.0.6(rollup@4.46.0)
      '@rollup/plugin-node-resolve':
        specifier: ^16.0.1
        version: 16.0.1(rollup@4.46.0)
      '@rollup/plugin-typescript':
        specifier: ^12.1.2
        version: 12.1.4(rollup@4.46.0)(tslib@2.8.1)(typescript@5.8.3)
      rollup:
        specifier: ^4.44.1
        version: 4.46.0
      rollup-plugin-clear:
        specifier: ^2.0.7
        version: 2.0.7
      tslib:
        specifier: ^2.8.1
        version: 2.8.1
      typescript:
        specifier: ^5.8.3
        version: 5.8.3

packages:

  '@babel/runtime@7.28.2':
    resolution: {integrity: sha512-KHp2IflsnGywDjBWDkR9iEqiWSpc8GIi0lgTT3mOElT0PP1tG26P4tmFI2YvAdzgq9RGyoHZQEIEdZy6Ec5xCA==}
    engines: {node: '>=6.9.0'}

  '@jridgewell/sourcemap-codec@1.5.4':
    resolution: {integrity: sha512-VT2+G1VQs/9oz078bLrYbecdZKs912zQlkelYpuf+SXF+QvZDYJlbx/LSx+meSAwdDFnF8FVXW92AVjjkVmgFw==}

  '@rollup/plugin-commonjs@28.0.6':
    resolution: {integrity: sha512-XSQB1K7FUU5QP+3lOQmVCE3I0FcbbNvmNT4VJSj93iUjayaARrTQeoRdiYQoftAJBLrR9t2agwAd3ekaTgHNlw==}
    engines: {node: '>=16.0.0 || 14 >= 14.17'}
    peerDependencies:
      rollup: ^2.68.0||^3.0.0||^4.0.0
    peerDependenciesMeta:
      rollup:
        optional: true

  '@rollup/plugin-node-resolve@16.0.1':
    resolution: {integrity: sha512-tk5YCxJWIG81umIvNkSod2qK5KyQW19qcBF/B78n1bjtOON6gzKoVeSzAE8yHCZEDmqkHKkxplExA8KzdJLJpA==}
    engines: {node: '>=14.0.0'}
    peerDependencies:
      rollup: ^2.78.0||^3.0.0||^4.0.0
    peerDependenciesMeta:
      rollup:
        optional: true

  '@rollup/plugin-typescript@12.1.4':
    resolution: {integrity: sha512-s5Hx+EtN60LMlDBvl5f04bEiFZmAepk27Q+mr85L/00zPDn1jtzlTV6FWn81MaIwqfWzKxmOJrBWHU6vtQyedQ==}
    engines: {node: '>=14.0.0'}
    peerDependencies:
      rollup: ^2.14.0||^3.0.0||^4.0.0
      tslib: '*'
      typescript: '>=3.7.0'
    peerDependenciesMeta:
      rollup:
        optional: true
      tslib:
        optional: true

  '@rollup/pluginutils@5.2.0':
    resolution: {integrity: sha512-qWJ2ZTbmumwiLFomfzTyt5Kng4hwPi9rwCYN4SHb6eaRU1KNO4ccxINHr/VhH4GgPlt1XfSTLX2LBTme8ne4Zw==}
    engines: {node: '>=14.0.0'}
    peerDependencies:
      rollup: ^1.20.0||^2.0.0||^3.0.0||^4.0.0
    peerDependenciesMeta:
      rollup:
        optional: true

  '@rollup/rollup-android-arm-eabi@4.46.0':
    resolution: {integrity: sha512-9f3nSTFI2ivfxc7/tHBHcJ8pRnp8ROrELvsVprlQPVvcZ+j5zztYd+PTJGpyIOAdTvNwNrpCXswKSeoQcyGjMQ==}
    cpu: [arm]
    os: [android]

  '@rollup/rollup-android-arm64@4.46.0':
    resolution: {integrity: sha512-tFZSEhqJ8Yrpe50TzOdeoYi72gi/jsnT7y8Qrozf3cNu28WX+s6I3XzEPUAqoaT9SAS8Xz9AzGTFlxxCH/w20w==}
    cpu: [arm64]
    os: [android]

  '@rollup/rollup-darwin-arm64@4.46.0':
    resolution: {integrity: sha512-+DikIIs+p6yU2hF51UaWG8BnHbq90X0QIOt5zqSKSZxY+G3qqdLih214e9InJal21af2PuuxkDectetGfbVPJw==}
    cpu: [arm64]
    os: [darwin]

  '@rollup/rollup-darwin-x64@4.46.0':
    resolution: {integrity: sha512-5a+NofhdEB/WimSlFMskbFQn1vqz1FWryYpA99trmZGO6qEmiS0IsX6w4B3d91U878Q2ZQdiaFF1gxX4P147og==}
    cpu: [x64]
    os: [darwin]

  '@rollup/rollup-freebsd-arm64@4.46.0':
    resolution: {integrity: sha512-igr/RlKPS3OCy4jD3XBmAmo3UAcNZkJSubRsw1JeM8bAbwf15k/3eMZXD91bnjheijJiOJcga3kfCLKjV8IXNg==}
    cpu: [arm64]
    os: [freebsd]

  '@rollup/rollup-freebsd-x64@4.46.0':
    resolution: {integrity: sha512-MdigWzPSHlQzB1xZ+MdFDWTAH+kcn7UxjEBoOKuaso7z1DRlnAnrknB1mTtNOQ+GdPI8xgExAGwHeqQjntR0Cg==}
    cpu: [x64]
    os: [freebsd]

  '@rollup/rollup-linux-arm-gnueabihf@4.46.0':
    resolution: {integrity: sha512-dmZseE0ZwA/4yy1+BwFrDqFTjjNg24GO9xSrb1weVbt6AFkhp5pz1gVS7IMtfIvoWy8yp6q/zN0bKnefRUImvQ==}
    cpu: [arm]
    os: [linux]

  '@rollup/rollup-linux-arm-musleabihf@4.46.0':
    resolution: {integrity: sha512-fzhfn6p9Cfm3W8UrWKIa4l7Wfjs/KGdgaswMBBE3KY3Ta43jg2XsPrAtfezHpsRk0Nx+TFuS3hZk/To2N5kFPQ==}
    cpu: [arm]
    os: [linux]

  '@rollup/rollup-linux-arm64-gnu@4.46.0':
    resolution: {integrity: sha512-vVDD+iPDPmJQ5nAQ5Tifq3ywdv60FartglFI8VOCK+hcU9aoG0qlQTsDJP97O5yiTaTqlneZWoARMcVC5nyUoQ==}
    cpu: [arm64]
    os: [linux]

  '@rollup/rollup-linux-arm64-musl@4.46.0':
    resolution: {integrity: sha512-0d0jx08fzDHCzXqrtCMEEyxKU0SvJrWmUjUDE2/KDQ2UDJql0tfiwYvEx1oHELClKO8CNdE+AGJj+RqXscZpdQ==}
    cpu: [arm64]
    os: [linux]

  '@rollup/rollup-linux-loongarch64-gnu@4.46.0':
    resolution: {integrity: sha512-XBYu9oW9eKJadWn8M7hkTZsD4yG+RrsTrVEgyKwb4L72cpJjRbRboTG9Lg9fec8MxJp/cfTHAocg4mnismQR8A==}
    cpu: [loong64]
    os: [linux]

  '@rollup/rollup-linux-ppc64-gnu@4.46.0':
    resolution: {integrity: sha512-wJaRvcT17PoOK6Ggcfo3nouFlybHvARBS4jzT0PC/lg17fIJHcDS2fZz3sD+iA4nRlho2zE6OGbU0HvwATdokQ==}
    cpu: [ppc64]
    os: [linux]

  '@rollup/rollup-linux-riscv64-gnu@4.46.0':
    resolution: {integrity: sha512-GZ5bkMFteAGkcmh8x0Ok4LSa+L62Ez0tMsHPX6JtR0wl4Xc3bQcrFHDiR5DGLEDFtGrXih4Nd/UDaFqs968/wA==}
    cpu: [riscv64]
    os: [linux]

  '@rollup/rollup-linux-riscv64-musl@4.46.0':
    resolution: {integrity: sha512-7CjPw6FflFsVOUfWOrVrREiV3IYXG4RzZ1ZQUaT3BtSK8YXN6x286o+sruPZJESIaPebYuFowmg54ZdrkVBYog==}
    cpu: [riscv64]
    os: [linux]

  '@rollup/rollup-linux-s390x-gnu@4.46.0':
    resolution: {integrity: sha512-nmvnl0ZiuysltcB/cKjUh40Rx4FbSyueERDsl2FLvLYr6pCgSsvGr3SocUT84svSpmloS7f1DRWqtRha74Gi1w==}
    cpu: [s390x]
    os: [linux]

  '@rollup/rollup-linux-x64-gnu@4.46.0':
    resolution: {integrity: sha512-Cv+moII5C8RM6gZbR3cb21o6rquVDZrN2o81maROg1LFzBz2dZUwIQSxFA8GtGZ/F2KtsqQ2z3eFPBb6akvQNg==}
    cpu: [x64]
    os: [linux]

  '@rollup/rollup-linux-x64-musl@4.46.0':
    resolution: {integrity: sha512-PHcMG8DZTM9RCIjp8QIfN0VYtX0TtBPnWOTRurFhoCDoi9zptUZL2k7pCs+5rgut7JAiUsYy+huyhVKPcmxoog==}
    cpu: [x64]
    os: [linux]

  '@rollup/rollup-win32-arm64-msvc@4.46.0':
    resolution: {integrity: sha512-1SI/Rd47e8aQJeFWMDg16ET+fjvCcD/CzeaRmIEPmb05hx+3cCcwIF4ebUag4yTt/D1peE+Mgp0+Po3M358cAA==}
    cpu: [arm64]
    os: [win32]

  '@rollup/rollup-win32-ia32-msvc@4.46.0':
    resolution: {integrity: sha512-JwOCYxmumFDfDhx4kNyz6kTVK3gWzBIvVdMNzQMRDubcoGRDniOOmo6DDNP42qwZx3Bp9/6vWJ+kNzNqXoHmeA==}
    cpu: [ia32]
    os: [win32]

  '@rollup/rollup-win32-x64-msvc@4.46.0':
    resolution: {integrity: sha512-IPMIfrfkG1GaEXi+JSsQEx8x9b4b+hRZXO7KYc2pKio3zO2/VDXDs6B9Ts/nnO+25Fk1tdAVtUn60HKKPPzDig==}
    cpu: [x64]
    os: [win32]

  '@types/estree@1.0.8':
    resolution: {integrity: sha512-dWHzHa2WqEXI/O1E9OjrocMTKJl2mSrEolh1Iomrv6U+JuNwaHXsXx9bLu5gG7BUWFIN0skIQJQ/L1rIex4X6w==}

  '@types/resolve@1.20.2':
    resolution: {integrity: sha512-60BCwRFOZCQhDncwQdxxeOEEkbc5dIMccYLwbxsS4TUNeVECQ/pBJ0j09mrHOl/JJvpRPGwO9SvE4nR2Nb/a4Q==}

  balanced-match@1.0.2:
    resolution: {integrity: sha512-3oSeUO0TMV67hN1AmbXsK4yaqU7tjiHlbxRDZOpH0KW9+CeX4bRAaX0Anxt0tx2MrpRpWwQaPwIlISEJhYU5Pw==}

  brace-expansion@1.1.12:
    resolution: {integrity: sha512-9T9UjW3r0UW5c1Q7GTwllptXwhvYmEzFhzMfZ9H7FQWt+uZePjZPjBP/W1ZEyZ1twGWom5/56TF4lPcqjnDHcg==}

  broker-factory@3.1.8:
    resolution: {integrity: sha512-xmVnYN0FZtynhPUmAnN+/MFRdbDi3syCuxWV7o7s78FcIN0pjDtn9mUrVqEgdjQkbfojRhlPWbYbXJkMCyddrg==}

  commondir@1.0.1:
    resolution: {integrity: sha512-W9pAhw0ja1Edb5GVdIF1mjZw/ASI0AlShXM83UUGe2DVr5TdAPEA1OA8m/g8zWp9x6On7gqufY+FatDbC3MDQg==}

  concat-map@0.0.1:
    resolution: {integrity: sha512-/Srv4dswyQNBfohGpz9o6Yb3Gz3SrUDqBH5rTuhGR7ahtlbYKnVxw2bCFMRljaA7EXHaXZ8wsHdodFvbkhKmqg==}

  deepmerge@4.3.1:
    resolution: {integrity: sha512-3sUqbMEc77XqpdNO7FRyRog+eW3ph+GYCbj+rK+uYyRMuwsVy0rMiVtPn+QJlKFvWP/1PYpapqYn0Me2knFn+A==}
    engines: {node: '>=0.10.0'}

  estree-walker@2.0.2:
    resolution: {integrity: sha512-Rfkk/Mp/DL7JVje3u18FxFujQlTNR2q6QfMSMB7AvCBx91NGj/ba3kCfza0f6dVDbw7YlRf/nDrn7pQrCCyQ/w==}

  fast-unique-numbers@9.0.22:
    resolution: {integrity: sha512-dBR+30yHAqBGvOuxxQdnn2lTLHCO6r/9B+M4yF8mNrzr3u1yiF+YVJ6u3GTyPN/VRWqaE1FcscZDdBgVKmrmQQ==}
    engines: {node: '>=18.2.0'}

  fdir@6.4.6:
    resolution: {integrity: sha512-hiFoqpyZcfNm1yc4u8oWCf9A2c4D3QjCrks3zmoVKVxpQRzmPNar1hUJcBG2RQHvEVGDN+Jm81ZheVLAQMK6+w==}
    peerDependencies:
      picomatch: ^3 || ^4
    peerDependenciesMeta:
      picomatch:
        optional: true

  fs.realpath@1.0.0:
    resolution: {integrity: sha512-OO0pH2lK6a0hZnAdau5ItzHPI6pUlvI7jMVnxUQRtw4owF2wk8lOSabtGDCTP4Ggrg2MbGnWO9X8K1t4+fGMDw==}

  fsevents@2.3.3:
    resolution: {integrity: sha512-5xoDfX+fL7faATnagmWPpbFtwh/R77WmMMqqHGS65C3vvB0YHrgF+B1YmZ3441tMj5n63k0212XNoJwzlhffQw==}
    engines: {node: ^8.16.0 || ^10.6.0 || >=11.0.0}
    os: [darwin]

  function-bind@1.1.2:
    resolution: {integrity: sha512-7XHNxH7qX9xG5mIwxkhumTox/MIRNcOgDrxWsMt2pAr23WHp6MrRlN7FBSFpCpr+oVO0F744iUgR82nJMfG2SA==}

  glob@7.2.3:
    resolution: {integrity: sha512-nFR0zLpU2YCaRxwoCJvL6UvCH2JFyFVIvwTLsIf21AuHlMskA1hhTdk+LlYJtOlYt9v6dvszD2BGRqBL+iQK9Q==}
    deprecated: Glob versions prior to v9 are no longer supported

  hasown@2.0.2:
    resolution: {integrity: sha512-0hJU9SCPvmMzIBdZFqNPXWa6dqh7WdH0cII9y+CyS8rG3nL48Bclra9HmKhVVUHyPWNH5Y7xDwAB7bfgSjkUMQ==}
    engines: {node: '>= 0.4'}

  inflight@1.0.6:
    resolution: {integrity: sha512-k92I/b08q4wvFscXCLvqfsHCrjrF7yiXsQuIVvVE7N82W3+aqpzuUdBbfhWcy/FZR3/4IgflMgKLOsvPDrGCJA==}
    deprecated: This module is not supported, and leaks memory. Do not use it. Check out lru-cache if you want a good and tested way to coalesce async requests by a key value, which is much more comprehensive and powerful.

  inherits@2.0.4:
    resolution: {integrity: sha512-k/vGaX4/Yla3WzyMCvTQOXYeIHvqOKtnqBduzTHpzpQZzAskKMhZ2K+EnBiSM9zGSoIFeMpXKxa4dYeZIQqewQ==}

  is-core-module@2.16.1:
    resolution: {integrity: sha512-UfoeMA6fIJ8wTYFEUjelnaGI67v6+N7qXJEvQuIGa99l4xsCruSYOVSQ0uPANn4dAzm8lkYPaKLrrijLq7x23w==}
    engines: {node: '>= 0.4'}

  is-module@1.0.0:
    resolution: {integrity: sha512-51ypPSPCoTEIN9dy5Oy+h4pShgJmPCygKfyRCISBI+JoWT/2oJvK8QPxmwv7b/p239jXrm9M1mlQbyKJ5A152g==}

  is-reference@1.2.1:
    resolution: {integrity: sha512-U82MsXXiFIrjCK4otLT+o2NA2Cd2g5MLoOVXUZjIOhLurrRxpEXzI8O0KZHr3IjLvlAH1kTPYSuqer5T9ZVBKQ==}

  magic-string@0.30.17:
    resolution: {integrity: sha512-sNPKHvyjVf7gyjwS4xGTaW/mCnF8wnjtifKBEhxfZ7E/S8tQ0rssrwGNn6q8JH/ohItJfSQp9mBtQYuTlH5QnA==}

  minimatch@3.1.2:
    resolution: {integrity: sha512-J7p63hRiAjw1NDEww1W7i37+ByIrOWO5XQQAzZ3VOcL0PNybwpfmV/N05zFAzwQ9USyEcX6t3UO+K5aqBQOIHw==}

  once@1.4.0:
    resolution: {integrity: sha512-lNaJgI+2Q5URQBkccEKHTQOPaXdUxnZZElQTZY0MFUAuaEqe1E+Nyvgdz/aIyNi6Z9MzO5dv1H8n58/GELp3+w==}

  path-is-absolute@1.0.1:
    resolution: {integrity: sha512-AVbw3UJ2e9bq64vSaS9Am0fje1Pa8pbGqTTsmXfaIiMpnr5DlDhfJOuLj9Sf95ZPVDAUerDfEk88MPmPe7UCQg==}
    engines: {node: '>=0.10.0'}

  path-parse@1.0.7:
    resolution: {integrity: sha512-LDJzPVEEEPR+y48z93A0Ed0yXb8pAByGWo/k5YYdYgpY2/2EsOsksJrq7lOHxryrVOn1ejG6oAp8ahvOIQD8sw==}

  picomatch@4.0.3:
    resolution: {integrity: sha512-5gTmgEY/sqK6gFXLIsQNH19lWb4ebPDLA4SdLP7dsWkIXHWlG66oPuVvXSGFPppYZz8ZDZq0dYYrbHfBCVUb1Q==}
    engines: {node: '>=12'}

  resolve@1.22.10:
    resolution: {integrity: sha512-NPRy+/ncIMeDlTAsuqwKIiferiawhefFJtkNSW0qZJEqMEb+qBt/77B/jGeeek+F0uOeN05CDa6HXbbIgtVX4w==}
    engines: {node: '>= 0.4'}
    hasBin: true

  rimraf@2.7.1:
    resolution: {integrity: sha512-uWjbaKIK3T1OSVptzX7Nl6PvQ3qAGtKEtVRjRuazjfL3Bx5eI409VZSqgND+4UNnmzLVdPj9FqFJNPqBZFve4w==}
    deprecated: Rimraf versions prior to v4 are no longer supported
    hasBin: true

  rollup-plugin-clear@2.0.7:
    resolution: {integrity: sha512-Hg8NC3JcJBO1ofgyQC0IACpyKn/yhHPGZ3C7R3ubNGWUXy9JXHQrewk4J4hVcZznw6SOKayLsaNae596Rwt8Vg==}

  rollup@4.46.0:
    resolution: {integrity: sha512-ONmkT3Ud3IfW15nl7l4qAZko5/2iZ5ALVBDh02ZSZ5IGVLJSYkRcRa3iB58VyEIyoofs9m2xdVrm+lTi97+3pw==}
    engines: {node: '>=18.0.0', npm: '>=8.0.0'}
    hasBin: true

  supports-preserve-symlinks-flag@1.0.0:
    resolution: {integrity: sha512-ot0WnXS9fgdkgIcePe6RHNk1WA8+muPa6cSjeR3V8K27q9BB1rTE3R1p7Hv0z1ZyAc8s6Vvv8DIyWf681MAt0w==}
    engines: {node: '>= 0.4'}

  tslib@2.8.1:
    resolution: {integrity: sha512-oJFu94HQb+KVduSUQL7wnpmqnfmLsOA/nAh6b6EH0wCEoK0/mPeXU6c3wKDV83MkOuHPRHtSXKKU99IBazS/2w==}

  typescript@5.8.3:
    resolution: {integrity: sha512-p1diW6TqL9L07nNxvRMM7hMMw4c5XOo/1ibL4aAIGmSAt9slTE1Xgw5KWuof2uTOvCg9BY7ZRi+GaF+7sfgPeQ==}
    engines: {node: '>=14.17'}
    hasBin: true

  worker-factory@7.0.44:
    resolution: {integrity: sha512-08AuUfWi+KeZI+KC7nU4pU/9tDeAFvE5NSWk+K9nIfuQc6UlOsZtjjeGVYVEn+DEchyXNJ5i10HCn0xRzFXEQA==}

  worker-timers-broker@8.0.9:
    resolution: {integrity: sha512-WJsd7aIvu2GBTXp7IBGT1NKnt3ZbiJ2wqb7Pl4nFJXC8pek84+X68TJGVvvrqwHgHPNxSlzpU1nadhcW4PDD7A==}

  worker-timers-worker@9.0.9:
    resolution: {integrity: sha512-OOKTMdHbzx7FaXCW40RS8RxAqLF/R8xU5/YA7CFasDy+jBA5yQWUusSQJUFFTV2Z9ZOpnR+ZWgte/IuAqOAEVw==}

  worker-timers@8.0.23:
    resolution: {integrity: sha512-1BnWHNNiu5YEutgF7eVZEqNntAsij2oG0r66xDdScoY3fKGFrok2y0xA8OgG6FA+3srrmAplSY6JN5h9jV5D0w==}

  wrappy@1.0.2:
    resolution: {integrity: sha512-l4Sp/DRseor9wL6EvV2+TuQn63dMkPjZ/sp9XkghTEbV9KlPS1xUsZ3u7/IQO4wxtcFB4bgpQPRcR3QCvezPcQ==}

snapshots:

  '@babel/runtime@7.28.2': {}

  '@jridgewell/sourcemap-codec@1.5.4': {}

  '@rollup/plugin-commonjs@28.0.6(rollup@4.46.0)':
    dependencies:
      '@rollup/pluginutils': 5.2.0(rollup@4.46.0)
      commondir: 1.0.1
      estree-walker: 2.0.2
      fdir: 6.4.6(picomatch@4.0.3)
      is-reference: 1.2.1
      magic-string: 0.30.17
      picomatch: 4.0.3
    optionalDependencies:
      rollup: 4.46.0

  '@rollup/plugin-node-resolve@16.0.1(rollup@4.46.0)':
    dependencies:
      '@rollup/pluginutils': 5.2.0(rollup@4.46.0)
      '@types/resolve': 1.20.2
      deepmerge: 4.3.1
      is-module: 1.0.0
      resolve: 1.22.10
    optionalDependencies:
      rollup: 4.46.0

  '@rollup/plugin-typescript@12.1.4(rollup@4.46.0)(tslib@2.8.1)(typescript@5.8.3)':
    dependencies:
      '@rollup/pluginutils': 5.2.0(rollup@4.46.0)
      resolve: 1.22.10
      typescript: 5.8.3
    optionalDependencies:
      rollup: 4.46.0
      tslib: 2.8.1

  '@rollup/pluginutils@5.2.0(rollup@4.46.0)':
    dependencies:
      '@types/estree': 1.0.8
      estree-walker: 2.0.2
      picomatch: 4.0.3
    optionalDependencies:
      rollup: 4.46.0

  '@rollup/rollup-android-arm-eabi@4.46.0':
    optional: true

  '@rollup/rollup-android-arm64@4.46.0':
    optional: true

  '@rollup/rollup-darwin-arm64@4.46.0':
    optional: true

  '@rollup/rollup-darwin-x64@4.46.0':
    optional: true

  '@rollup/rollup-freebsd-arm64@4.46.0':
    optional: true

  '@rollup/rollup-freebsd-x64@4.46.0':
    optional: true

  '@rollup/rollup-linux-arm-gnueabihf@4.46.0':
    optional: true

  '@rollup/rollup-linux-arm-musleabihf@4.46.0':
    optional: true

  '@rollup/rollup-linux-arm64-gnu@4.46.0':
    optional: true

  '@rollup/rollup-linux-arm64-musl@4.46.0':
    optional: true

  '@rollup/rollup-linux-loongarch64-gnu@4.46.0':
    optional: true

  '@rollup/rollup-linux-ppc64-gnu@4.46.0':
    optional: true

  '@rollup/rollup-linux-riscv64-gnu@4.46.0':
    optional: true

  '@rollup/rollup-linux-riscv64-musl@4.46.0':
    optional: true

  '@rollup/rollup-linux-s390x-gnu@4.46.0':
    optional: true

  '@rollup/rollup-linux-x64-gnu@4.46.0':
    optional: true

  '@rollup/rollup-linux-x64-musl@4.46.0':
    optional: true

  '@rollup/rollup-win32-arm64-msvc@4.46.0':
    optional: true

  '@rollup/rollup-win32-ia32-msvc@4.46.0':
    optional: true

  '@rollup/rollup-win32-x64-msvc@4.46.0':
    optional: true

  '@types/estree@1.0.8': {}

  '@types/resolve@1.20.2': {}

  balanced-match@1.0.2: {}

  brace-expansion@1.1.12:
    dependencies:
      balanced-match: 1.0.2
      concat-map: 0.0.1

  broker-factory@3.1.8:
    dependencies:
      '@babel/runtime': 7.28.2
      fast-unique-numbers: 9.0.22
      tslib: 2.8.1
      worker-factory: 7.0.44

  commondir@1.0.1: {}

  concat-map@0.0.1: {}

  deepmerge@4.3.1: {}

  estree-walker@2.0.2: {}

  fast-unique-numbers@9.0.22:
    dependencies:
      '@babel/runtime': 7.28.2
      tslib: 2.8.1

  fdir@6.4.6(picomatch@4.0.3):
    optionalDependencies:
      picomatch: 4.0.3

  fs.realpath@1.0.0: {}

  fsevents@2.3.3:
    optional: true

  function-bind@1.1.2: {}

  glob@7.2.3:
    dependencies:
      fs.realpath: 1.0.0
      inflight: 1.0.6
      inherits: 2.0.4
      minimatch: 3.1.2
      once: 1.4.0
      path-is-absolute: 1.0.1

  hasown@2.0.2:
    dependencies:
      function-bind: 1.1.2

  inflight@1.0.6:
    dependencies:
      once: 1.4.0
      wrappy: 1.0.2

  inherits@2.0.4: {}

  is-core-module@2.16.1:
    dependencies:
      hasown: 2.0.2

  is-module@1.0.0: {}

  is-reference@1.2.1:
    dependencies:
      '@types/estree': 1.0.8

  magic-string@0.30.17:
    dependencies:
      '@jridgewell/sourcemap-codec': 1.5.4

  minimatch@3.1.2:
    dependencies:
      brace-expansion: 1.1.12

  once@1.4.0:
    dependencies:
      wrappy: 1.0.2

  path-is-absolute@1.0.1: {}

  path-parse@1.0.7: {}

  picomatch@4.0.3: {}

  resolve@1.22.10:
    dependencies:
      is-core-module: 2.16.1
      path-parse: 1.0.7
      supports-preserve-symlinks-flag: 1.0.0

  rimraf@2.7.1:
    dependencies:
      glob: 7.2.3

  rollup-plugin-clear@2.0.7:
    dependencies:
      rimraf: 2.7.1

  rollup@4.46.0:
    dependencies:
      '@types/estree': 1.0.8
    optionalDependencies:
      '@rollup/rollup-android-arm-eabi': 4.46.0
      '@rollup/rollup-android-arm64': 4.46.0
      '@rollup/rollup-darwin-arm64': 4.46.0
      '@rollup/rollup-darwin-x64': 4.46.0
      '@rollup/rollup-freebsd-arm64': 4.46.0
      '@rollup/rollup-freebsd-x64': 4.46.0
      '@rollup/rollup-linux-arm-gnueabihf': 4.46.0
      '@rollup/rollup-linux-arm-musleabihf': 4.46.0
      '@rollup/rollup-linux-arm64-gnu': 4.46.0
      '@rollup/rollup-linux-arm64-musl': 4.46.0
      '@rollup/rollup-linux-loongarch64-gnu': 4.46.0
      '@rollup/rollup-linux-ppc64-gnu': 4.46.0
      '@rollup/rollup-linux-riscv64-gnu': 4.46.0
      '@rollup/rollup-linux-riscv64-musl': 4.46.0
      '@rollup/rollup-linux-s390x-gnu': 4.46.0
      '@rollup/rollup-linux-x64-gnu': 4.46.0
      '@rollup/rollup-linux-x64-musl': 4.46.0
      '@rollup/rollup-win32-arm64-msvc': 4.46.0
      '@rollup/rollup-win32-ia32-msvc': 4.46.0
      '@rollup/rollup-win32-x64-msvc': 4.46.0
      fsevents: 2.3.3

  supports-preserve-symlinks-flag@1.0.0: {}

  tslib@2.8.1: {}

  typescript@5.8.3: {}

  worker-factory@7.0.44:
    dependencies:
      '@babel/runtime': 7.28.2
      fast-unique-numbers: 9.0.22
      tslib: 2.8.1

  worker-timers-broker@8.0.9:
    dependencies:
      '@babel/runtime': 7.28.2
      broker-factory: 3.1.8
      fast-unique-numbers: 9.0.22
      tslib: 2.8.1
      worker-timers-worker: 9.0.9

  worker-timers-worker@9.0.9:
    dependencies:
      '@babel/runtime': 7.28.2
      tslib: 2.8.1
      worker-factory: 7.0.44

  worker-timers@8.0.23:
    dependencies:
      '@babel/runtime': 7.28.2
      tslib: 2.8.1
      worker-timers-broker: 8.0.9
      worker-timers-worker: 9.0.9

  wrappy@1.0.2: {}
